{
    "_readme": [
        "This file locks the dependencies of your project to a known state",
        "Read more about it at https://getcomposer.org/doc/01-basic-usage.md#installing-dependencies",
        "This file is @generated automatically"
    ],
    "content-hash": "5dae0eb28c8d17e63de12549d76fde47",
    "packages": [
        {
            "name": "benlumia007/backdrop-core",
            "version": "1.1.2",
            "source": {
                "type": "git",
                "url": "https://github.com/benlumia007/backdrop-core.git",
                "reference": "e2b5508f9fc68d1a4a3e9d2cbd2a5d9d6d56f03b"
            },
            "dist": {
                "type": "zip",
                "url": "https://api.github.com/repos/benlumia007/backdrop-core/zipball/e2b5508f9fc68d1a4a3e9d2cbd2a5d9d6d56f03b",
                "reference": "e2b5508f9fc68d1a4a3e9d2cbd2a5d9d6d56f03b",
                "shasum": ""
            },
            "require": {
                "php": ">=5.6"
            },
            "type": "library",
            "autoload": {
                "psr-4": {
                    "Benlumia007\\Backdrop\\": "src/"
                },
                "files": [
                    "src/Entry/functions-entry.php",
                    "src/Site/functions-site.php",
                    "src/Template/functions-template.php",
                    "src/View/functions-view.php"
                ]
            },
            "notification-url": "https://packagist.org/downloads/",
            "license": [
                "GPL-2.0-or-later"
            ],
            "authors": [
                {
                    "name": "Benjamin Lu",
                    "email": "benlumia007@gmail.com",
                    "homepage": "https://benjlu.com",
                    "role": "Developer"
                }
            ],
            "description": "A core that helps you build amazing themes",
            "homepage": "https://github.com/benlumia007/backdrop-core",
            "keywords": [
                "wordpress"
            ],
            "support": {
                "issues": "https://github.com/benlumia007/backdrop-core/issues",
                "source": "https://github.com/benlumia007/backdrop-core/tree/1.1.2"
            },
            "time": "2020-11-18T19:09:35+00:00"
        }
    ],
    "packages-dev": [],
    "aliases": [],
    "minimum-stability": "stable",
    "stability-flags": [],
    "prefer-stable": false,
    "prefer-lowest": false,
    "platform": {
        "php": ">=5.6"
    },
    "platform-dev": [],
    "plugin-api-version": "2.0.0"
}
