{
    "_readme": [
        "This file locks the dependencies of your project to a known state",
        "Read more about it at https://getcomposer.org/doc/01-basic-usage.md#installing-dependencies",
        "This file is @generated automatically"
    ],
    "content-hash": "cbe9f895b2a57d3988485f0f4383a0c0",
    "packages": [
        {
            "name": "benlumia007/backdrop-core",
            "version": "3.0.0",
            "source": {
                "type": "git",
                "url": "https://github.com/benlumia007/backdrop-core.git",
                "reference": "b0a71ddcfe5fbc4d2429cec0661089d518792408"
            },
            "dist": {
                "type": "zip",
                "url": "https://api.github.com/repos/benlumia007/backdrop-core/zipball/b0a71ddcfe5fbc4d2429cec0661089d518792408",
                "reference": "b0a71ddcfe5fbc4d2429cec0661089d518792408",
                "shasum": ""
            },
            "require": {
                "php": ">=5.6"
            },
            "type": "library",
            "autoload": {
                "psr-4": {
                    "Benlumia007\\Backdrop\\": "src/"
                },
                "files": [
                    "src/Entry/functions-entry.php",
                    "src/Site/functions-site.php",
                    "src/Template/functions-template.php",
                    "src/View/functions-view.php",
                    "src/functions-filters.php"
                ]
            },
            "notification-url": "https://packagist.org/downloads/",
            "license": [
                "GPL-2.0-or-later"
            ],
            "authors": [
                {
                    "name": "Benjamin Lu",
                    "email": "benlumia007@gmail.com",
                    "homepage": "https://benjlu.com",
                    "role": "Developer"
                }
            ],
            "description": "A core that helps you build amazing themes",
            "homepage": "https://github.com/benlumia007/backdrop-core",
            "keywords": [
                "wordpress"
            ],
            "support": {
                "issues": "https://github.com/benlumia007/backdrop-core/issues",
                "source": "https://github.com/benlumia007/backdrop-core/tree/3.0.0"
            },
            "time": "2021-08-03T05:18:04+00:00"
        }
    ],
    "packages-dev": [],
    "aliases": [],
    "minimum-stability": "stable",
    "stability-flags": [],
    "prefer-stable": false,
    "prefer-lowest": false,
    "platform": {
        "php": ">=5.6"
    },
    "platform-dev": [],
    "plugin-api-version": "2.0.0"
}
